{
  "object": {
    "pins": [
      {
        "package": "Kanna",
        "repositoryURL": "https://github.com/tid-kijyun/Kanna.git",
        "state": {
          "branch": null,
          "revision": "4a80ebe93b6966d5083394fcaaaff57a2fcec935",
          "version": "5.2.3"
        }
      }
    ]
  },
  "version": 1
}
